github.com/barklan/hugo-dead-simple v1.75.35 h1:7mwFMvM0hP3UOR7CDopakvzlTBwfaKCQm3eBrzzCJxU=
github.com/barklan/hugo-dead-simple v1.75.35/go.mod h1:Ql5njM3SwZWMqWD1bt6UQoebKHIuRt37HeEkiWMUxXo=
github.com/hugomods/bootstrap v0.17.0 h1:oH+V92q5W/kye9QPSQdZXYsO3V2wyfkAjdYLPFIfjPI=
github.com/hugomods/bootstrap v0.17.0/go.mod h1:EA5CtuNQX+aNkwEt1xae7clZ+4087KFXWZGE+2/f5oc=
github.com/hugomods/icons v0.6.0 h1:G6RU93okhPPRDh/jqcew9gwkcYpSpg0rCBv4S6yUAFw=
github.com/hugomods/icons v0.6.0/go.mod h1:cIkSvK6W0q6N4U6n9KGz+QfRWQXAW0INd+1P31gPNGg=
github.com/hugomods/icons/vendors/bootstrap v0.5.3 h1:3twbdiKpeCudV0UFNBZqUgBLIjG5qcv4lvvlALgR5ro=
github.com/hugomods/icons/vendors/bootstrap v0.5.3/go.mod h1:SuPcqO3u8gN4epmf+2L1G8pg6X3nXj2D6FYRWd+OIrw=
github.com/hugomods/images v0.9.0 h1:qPIJisJw5cSN6xsUYpmBeGVQ6tFE8JphJkUhOkumsxI=
github.com/hugomods/images v0.9.0/go.mod h1:U6Gwj16LKvk66rOMyGFrnF6f0aV8lT89lqOsckOAjYY=
github.com/hugomods/katex v0.3.0 h1:hq0Kels9clL38Y2K/QZgXFKF7hQuumyQYz16TT4/Hhk=
github.com/hugomods/katex v0.3.0/go.mod h1:EBY1YQTN6F8FDQz+mWp3EzEh8vDN31YjL9luVni+Wm0=
